
Microsoft Visual Studio Solution File, Format Version 12.00
# Visual Studio Version 17
VisualStudioVersion = 17.8.34525.116
MinimumVisualStudioVersion = 10.0.40219.1
Project("{FAE04EC0-301F-11D3-BF4B-00C04F79EFBC}") = "DapperCrudMvc", "DapperCrudMvc\DapperCrudMvc.csproj", "{AA69E3E3-418F-404B-AAAA-2BFF88A9ABC3}"
EndProject
Global
	GlobalSection(SolutionConfigurationPlatforms) = preSolution
		Debug|Any CPU = Debug|Any CPU
		Release|Any CPU = Release|Any CPU
	EndGlobalSection
	GlobalSection(ProjectConfigurationPlatforms) = postSolution
		{AA69E3E3-418F-404B-AAAA-2BFF88A9ABC3}.Debug|Any CPU.ActiveCfg = Debug|Any CPU
		{AA69E3E3-418F-404B-AAAA-2BFF88A9ABC3}.Debug|Any CPU.Build.0 = Debug|Any CPU
		{AA69E3E3-418F-404B-AAAA-2BFF88A9ABC3}.Release|Any CPU.ActiveCfg = Release|Any CPU
		{AA69E3E3-418F-404B-AAAA-2BFF88A9ABC3}.Release|Any CPU.Build.0 = Release|Any CPU
	EndGlobalSection
	GlobalSection(SolutionProperties) = preSolution
		HideSolutionNode = FALSE
	EndGlobalSection
	GlobalSection(ExtensibilityGlobals) = postSolution
		SolutionGuid = {2E355F6C-1522-4AD9-A10B-A2E0A21783B7}
	EndGlobalSection
EndGlobal
